
Microsoft Visual Studio Solution File, Format Version 12.00
Project("{FAE04EC0-301F-11D3-BF4B-00C04F79EFBC}") = "gui", "gui\gui.csproj", "{3FE12BEA-B342-40D5-A382-70220ADDFE32}"
EndProject
Global
	GlobalSection(SolutionConfigurationPlatforms) = preSolution
		Debug|Any CPU = Debug|Any CPU
		Release|Any CPU = Release|Any CPU
	EndGlobalSection
	GlobalSection(ProjectConfigurationPlatforms) = postSolution
		{3FE12BEA-B342-40D5-A382-70220ADDFE32}.Debug|Any CPU.ActiveCfg = Debug|Any CPU
		{3FE12BEA-B342-40D5-A382-70220ADDFE32}.Debug|Any CPU.Build.0 = Debug|Any CPU
		{3FE12BEA-B342-40D5-A382-70220ADDFE32}.Release|Any CPU.ActiveCfg = Release|Any CPU
		{3FE12BEA-B342-40D5-A382-70220ADDFE32}.Release|Any CPU.Build.0 = Release|Any CPU
	EndGlobalSection
EndGlobal
